// !$*UTF8*$!
{
	archiveVersion = 1;
	classes = {
	};
	objectVersion = 46;
	objects = {

/* Begin PBXBuildFile section */
		2C26F42A1DE3F13D00B6C677 /* ReviewXMLParser.swift in Sources */ = {isa = PBXBuildFile; fileRef = 2C26F4291DE3F13D00B6C677 /* ReviewXMLParser.swift */; };
		2C26F42C1DE4014F00B6C677 /* ReviewsMailer.swift in Sources */ = {isa = PBXBuildFile; fileRef = 2C26F42B1DE4014F00B6C677 /* ReviewsMailer.swift */; };
		2C4E9D5B1DD59B38001362D0 /* main.swift in Sources */ = {isa = PBXBuildFile; fileRef = 2C4E9D5A1DD59B38001362D0 /* main.swift */; };
		2C4E9D621DD59B52001362D0 /* Review.swift in Sources */ = {isa = PBXBuildFile; fileRef = 2C4E9D611DD59B52001362D0 /* Review.swift */; };
		2C4E9D641DD59C66001362D0 /* ReviewsReader.swift in Sources */ = {isa = PBXBuildFile; fileRef = 2C4E9D631DD59C66001362D0 /* ReviewsReader.swift */; };
/* End PBXBuildFile section */

/* Begin PBXCopyFilesBuildPhase section */
		2C4E9D551DD59B38001362D0 /* CopyFiles */ = {
			isa = PBXCopyFilesBuildPhase;
			buildActionMask = 2147483647;
			dstPath = /usr/share/man/man1/;
			dstSubfolderSpec = 0;
			files = (
			);
			runOnlyForDeploymentPostprocessing = 1;
		};
/* End PBXCopyFilesBuildPhase section */

/* Begin PBXFileReference section */
		2C26F4291DE3F13D00B6C677 /* ReviewXMLParser.swift */ = {isa = PBXFileReference; fileEncoding = 4; lastKnownFileType = sourcecode.swift; path = ReviewXMLParser.swift; sourceTree = "<group>"; };
		2C26F42B1DE4014F00B6C677 /* ReviewsMailer.swift */ = {isa = PBXFileReference; fileEncoding = 4; lastKnownFileType = sourcecode.swift; path = ReviewsMailer.swift; sourceTree = "<group>"; };
		2C4E9D571DD59B38001362D0 /* AppReviewsMailer */ = {isa = PBXFileReference; explicitFileType = "compiled.mach-o.executable"; includeInIndex = 0; path = AppReviewsMailer; sourceTree = BUILT_PRODUCTS_DIR; };
		2C4E9D5A1DD59B38001362D0 /* main.swift */ = {isa = PBXFileReference; lastKnownFileType = sourcecode.swift; path = main.swift; sourceTree = "<group>"; };
		2C4E9D611DD59B52001362D0 /* Review.swift */ = {isa = PBXFileReference; fileEncoding = 4; lastKnownFileType = sourcecode.swift; path = Review.swift; sourceTree = "<group>"; };
		2C4E9D631DD59C66001362D0 /* ReviewsReader.swift */ = {isa = PBXFileReference; fileEncoding = 4; lastKnownFileType = sourcecode.swift; path = ReviewsReader.swift; sourceTree = "<group>"; };
/* End PBXFileReference section */

/* Begin PBXFrameworksBuildPhase section */
		2C4E9D541DD59B38001362D0 /* Frameworks */ = {
			isa = PBXFrameworksBuildPhase;
			buildActionMask = 2147483647;
			files = (
			);
			runOnlyForDeploymentPostprocessing = 0;
		};
/* End PBXFrameworksBuildPhase section */

/* Begin PBXGroup section */
		2C4E9D4E1DD59B38001362D0 = {
			isa = PBXGroup;
			children = (
				2C4E9D591DD59B38001362D0 /* AppReviewsMailer */,
				2C4E9D581DD59B38001362D0 /* Products */,
			);
			sourceTree = "<group>";
		};
		2C4E9D581DD59B38001362D0 /* Products */ = {
			isa = PBXGroup;
			children = (
				2C4E9D571DD59B38001362D0 /* AppReviewsMailer */,
			);
			name = Products;
			sourceTree = "<group>";
		};
		2C4E9D591DD59B38001362D0 /* AppReviewsMailer */ = {
			isa = PBXGroup;
			children = (
				2C4E9D5A1DD59B38001362D0 /* main.swift */,
				2C4E9D611DD59B52001362D0 /* Review.swift */,
				2C4E9D631DD59C66001362D0 /* ReviewsReader.swift */,
				2C26F4291DE3F13D00B6C677 /* ReviewXMLParser.swift */,
				2C26F42B1DE4014F00B6C677 /* ReviewsMailer.swift */,
			);
			path = AppReviewsMailer;
			sourceTree = "<group>";
		};
/* End PBXGroup section */

/* Begin PBXNativeTarget section */
		2C4E9D561DD59B38001362D0 /* AppReviewsMailer */ = {
			isa = PBXNativeTarget;
			buildConfigurationList = 2C4E9D5E1DD59B38001362D0 /* Build configuration list for PBXNativeTarget "AppReviewsMailer" */;
			buildPhases = (
				2C4E9D531DD59B38001362D0 /* Sources */,
				2C4E9D541DD59B38001362D0 /* Frameworks */,
				2C4E9D551DD59B38001362D0 /* CopyFiles */,
			);
			buildRules = (
			);
			dependencies = (
			);
			name = AppReviewsMailer;
			productName = AppReviewsMailer;
			productReference = 2C4E9D571DD59B38001362D0 /* AppReviewsMailer */;
			productType = "com.apple.product-type.tool";
		};
/* End PBXNativeTarget section */

/* Begin PBXProject section */
		2C4E9D4F1DD59B38001362D0 /* Project object */ = {
			isa = PBXProject;
			attributes = {
				LastSwiftUpdateCheck = 0810;
				LastUpgradeCheck = 0810;
				ORGANIZATIONNAME = StanSidel;
				TargetAttributes = {
					2C4E9D561DD59B38001362D0 = {
						CreatedOnToolsVersion = 8.1;
						DevelopmentTeam = 5C9TGFA48W;
						ProvisioningStyle = Automatic;
					};
				};
			};
			buildConfigurationList = 2C4E9D521DD59B38001362D0 /* Build configuration list for PBXProject "AppReviewsMailer" */;
			compatibilityVersion = "Xcode 3.2";
			developmentRegion = English;
			hasScannedForEncodings = 0;
			knownRegions = (
				en,
			);
			mainGroup = 2C4E9D4E1DD59B38001362D0;
			productRefGroup = 2C4E9D581DD59B38001362D0 /* Products */;
			projectDirPath = "";
			projectRoot = "";
			targets = (
				2C4E9D561DD59B38001362D0 /* AppReviewsMailer */,
			);
		};
/* End PBXProject section */

/* Begin PBXSourcesBuildPhase section */
		2C4E9D531DD59B38001362D0 /* Sources */ = {
			isa = PBXSourcesBuildPhase;
			buildActionMask = 2147483647;
			files = (
				2C26F42A1DE3F13D00B6C677 /* ReviewXMLParser.swift in Sources */,
				2C4E9D5B1DD59B38001362D0 /* main.swift in Sources */,
				2C4E9D621DD59B52001362D0 /* Review.swift in Sources */,
				2C26F42C1DE4014F00B6C677 /* ReviewsMailer.swift in Sources */,
				2C4E9D641DD59C66001362D0 /* ReviewsReader.swift in Sources */,
			);
			runOnlyForDeploymentPostprocessing = 0;
		};
/* End PBXSourcesBuildPhase section */

/* Begin XCBuildConfiguration section */
		2C4E9D5C1DD59B38001362D0 /* Debug */ = {
			isa = XCBuildConfiguration;
			buildSettings = {
				ALWAYS_SEARCH_USER_PATHS = NO;
				CLANG_ANALYZER_NONNULL = YES;
				CLANG_CXX_LANGUAGE_STANDARD = "gnu++0x";
				CLANG_CXX_LIBRARY = "libc++";
				CLANG_ENABLE_MODULES = YES;
				CLANG_ENABLE_OBJC_ARC = YES;
				CLANG_WARN_BOOL_CONVERSION = YES;
				CLANG_WARN_CONSTANT_CONVERSION = YES;
				CLANG_WARN_DIRECT_OBJC_ISA_USAGE = YES_ERROR;
				CLANG_WARN_DOCUMENTATION_COMMENTS = YES;
				CLANG_WARN_EMPTY_BODY = YES;
				CLANG_WARN_ENUM_CONVERSION = YES;
				CLANG_WARN_INFINITE_RECURSION = YES;
				CLANG_WARN_INT_CONVERSION = YES;
				CLANG_WARN_OBJC_ROOT_CLASS = YES_ERROR;
				CLANG_WARN_SUSPICIOUS_MOVES = YES;
				CLANG_WARN_UNREACHABLE_CODE = YES;
				CLANG_WARN__DUPLICATE_METHOD_MATCH = YES;
				CODE_SIGN_IDENTITY = "-";
				COPY_PHASE_STRIP = NO;
				DEBUG_INFORMATION_FORMAT = dwarf;
				ENABLE_STRICT_OBJC_MSGSEND = YES;
				ENABLE_TESTABILITY = YES;
				GCC_C_LANGUAGE_STANDARD = gnu99;
				GCC_DYNAMIC_NO_PIC = NO;
				GCC_NO_COMMON_BLOCKS = YES;
				GCC_OPTIMIZATION_LEVEL = 0;
				GCC_PREPROCESSOR_DEFINITIONS = (
					"DEBUG=1",
					"$(inherited)",
				);
				GCC_WARN_64_TO_32_BIT_CONVERSION = YES;
				GCC_WARN_ABOUT_RETURN_TYPE = YES_ERROR;
				GCC_WARN_UNDECLARED_SELECTOR = YES;
				GCC_WARN_UNINITIALIZED_AUTOS = YES_AGGRESSIVE;
				GCC_WARN_UNUSED_FUNCTION = YES;
				GCC_WARN_UNUSED_VARIABLE = YES;
				MACOSX_DEPLOYMENT_TARGET = 10.12;
				MTL_ENABLE_DEBUG_INFO = YES;
				ONLY_ACTIVE_ARCH = YES;
				SDKROOT = macosx;
				SWIFT_OPTIMIZATION_LEVEL = "-Onone";
			};
			name = Debug;
		};
		2C4E9D5D1DD59B38001362D0 /* Release */ = {
			isa = XCBuildConfiguration;
			buildSettings = {
				ALWAYS_SEARCH_USER_PATHS = NO;
				CLANG_ANALYZER_NONNULL = YES;
				CLANG_CXX_LANGUAGE_STANDARD = "gnu++0x";
				CLANG_CXX_LIBRARY = "libc++";
				CLANG_ENABLE_MODULES = YES;
				CLANG_ENABLE_OBJC_ARC = YES;
				CLANG_WARN_BOOL_CONVERSION = YES;
				CLANG_WARN_CONSTANT_CONVERSION = YES;
				CLANG_WARN_DIRECT_OBJC_ISA_USAGE = YES_ERROR;
				CLANG_WARN_DOCUMENTATION_COMMENTS = YES;
				CLANG_WARN_EMPTY_BODY = YES;
				CLANG_WARN_ENUM_CONVERSION = YES;
				CLANG_WARN_INFINITE_RECURSION = YES;
				CLANG_WARN_INT_CONVERSION = YES;
				CLANG_WARN_OBJC_ROOT_CLASS = YES_ERROR;
				CLANG_WARN_SUSPICIOUS_MOVES = YES;
				CLANG_WARN_UNREACHABLE_CODE = YES;
				CLANG_WARN__DUPLICATE_METHOD_MATCH = YES;
				CODE_SIGN_IDENTITY = "-";
				COPY_PHASE_STRIP = NO;
				DEBUG_INFORMATION_FORMAT = "dwarf-with-dsym";
				ENABLE_NS_ASSERTIONS = NO;
				ENABLE_STRICT_OBJC_MSGSEND = YES;
				GCC_C_LANGUAGE_STANDARD = gnu99;
				GCC_NO_COMMON_BLOCKS = YES;
				GCC_WARN_64_TO_32_BIT_CONVERSION = YES;
				GCC_WARN_ABOUT_RETURN_TYPE = YES_ERROR;
				GCC_WARN_UNDECLARED_SELECTOR = YES;
				GCC_WARN_UNINITIALIZED_AUTOS = YES_AGGRESSIVE;
				GCC_WARN_UNUSED_FUNCTION = YES;
				GCC_WARN_UNUSED_VARIABLE = YES;
				MACOSX_DEPLOYMENT_TARGET = 10.12;
				MTL_ENABLE_DEBUG_INFO = NO;
				SDKROOT = macosx;
			};
			name = Release;
		};
		2C4E9D5F1DD59B38001362D0 /* Debug */ = {
			isa = XCBuildConfiguration;
			buildSettings = {
				DEVELOPMENT_TEAM = 5C9TGFA48W;
				PRODUCT_NAME = "$(TARGET_NAME)";
				SWIFT_VERSION = 3.0;
			};
			name = Debug;
		};
		2C4E9D601DD59B38001362D0 /* Release */ = {
			isa = XCBuildConfiguration;
			buildSettings = {
				DEVELOPMENT_TEAM = 5C9TGFA48W;
				PRODUCT_NAME = "$(TARGET_NAME)";
				SWIFT_VERSION = 3.0;
			};
			name = Release;
		};
/* End XCBuildConfiguration section */

/* Begin XCConfigurationList section */
		2C4E9D521DD59B38001362D0 /* Build configuration list for PBXProject "AppReviewsMailer" */ = {
			isa = XCConfigurationList;
			buildConfigurations = (
				2C4E9D5C1DD59B38001362D0 /* Debug */,
				2C4E9D5D1DD59B38001362D0 /* Release */,
			);
			defaultConfigurationIsVisible = 0;
			defaultConfigurationName = Release;
		};
		2C4E9D5E1DD59B38001362D0 /* Build configuration list for PBXNativeTarget "AppReviewsMailer" */ = {
			isa = XCConfigurationList;
			buildConfigurations = (
				2C4E9D5F1DD59B38001362D0 /* Debug */,
				2C4E9D601DD59B38001362D0 /* Release */,
			);
			defaultConfigurationIsVisible = 0;
			defaultConfigurationName = Release;
		};
/* End XCConfigurationList section */
	};
	rootObject = 2C4E9D4F1DD59B38001362D0 /* Project object */;
}
